
Microsoft Visual Studio Solution File, Format Version 12.00
# Visual Studio Version 16
VisualStudioVersion = 16.0.31410.357
MinimumVisualStudioVersion = 10.0.40219.1
Project("{FAE04EC0-301F-11D3-BF4B-00C04F79EFBC}") = "Lab23", "Lab23\Lab23.csproj", "{ED053125-D254-41EC-BF0D-08465A6876AA}"
EndProject
Global
	GlobalSection(SolutionConfigurationPlatforms) = preSolution
		Debug|Any CPU = Debug|Any CPU
		Release|Any CPU = Release|Any CPU
	EndGlobalSection
	GlobalSection(ProjectConfigurationPlatforms) = postSolution
		{ED053125-D254-41EC-BF0D-08465A6876AA}.Debug|Any CPU.ActiveCfg = Debug|Any CPU
		{ED053125-D254-41EC-BF0D-08465A6876AA}.Debug|Any CPU.Build.0 = Debug|Any CPU
		{ED053125-D254-41EC-BF0D-08465A6876AA}.Release|Any CPU.ActiveCfg = Release|Any CPU
		{ED053125-D254-41EC-BF0D-08465A6876AA}.Release|Any CPU.Build.0 = Release|Any CPU
	EndGlobalSection
	GlobalSection(SolutionProperties) = preSolution
		HideSolutionNode = FALSE
	EndGlobalSection
	GlobalSection(ExtensibilityGlobals) = postSolution
		SolutionGuid = {D9985CF9-5945-4578-9A76-A76426552EB3}
	EndGlobalSection
EndGlobal
